
Microsoft Visual Studio Solution File, Format Version 12.00
# Visual Studio 15
VisualStudioVersion = 15.0.27130.2036
MinimumVisualStudioVersion = 10.0.40219.1
Project("{FAE04EC0-301F-11D3-BF4B-00C04F79EFBC}") = "WPF", "WPF\WPF.csproj", "{CBB5A228-9917-49E3-B1A2-5D28D9E2D0CE}"
EndProject
Project("{FAE04EC0-301F-11D3-BF4B-00C04F79EFBC}") = "CommandLine", "CommandLine\CommandLine.csproj", "{63633EAD-B079-497F-A750-F5B0A53FC1CA}"
EndProject
Project("{FAE04EC0-301F-11D3-BF4B-00C04F79EFBC}") = "Reflection", "Data\Reflection.csproj", "{5526F566-CD96-4634-8226-8B18F69FA928}"
EndProject
Project("{FAE04EC0-301F-11D3-BF4B-00C04F79EFBC}") = "UnitTestsData", "UnitTestsData\UnitTestsData.csproj", "{C6BECBE7-D9D6-4F3D-8FCE-5FCA154A78C9}"
EndProject
Project("{FAE04EC0-301F-11D3-BF4B-00C04F79EFBC}") = "Trace", "Trace\Trace.csproj", "{CE782637-8DE0-41AD-B2F7-7D9E46CA1FD7}"
EndProject
Project("{FAE04EC0-301F-11D3-BF4B-00C04F79EFBC}") = "Serialization", "Serialization\Serialization.csproj", "{567B5754-1C52-4E35-94BA-42FB8309BCEC}"
EndProject
Project("{FAE04EC0-301F-11D3-BF4B-00C04F79EFBC}") = "ViewModel", "ViewModel\ViewModel.csproj", "{C6AA6265-8E72-4B91-B392-02DD8A496742}"
EndProject
Project("{2150E333-8FDC-42A3-9474-1A3956D46DE8}") = "Composition", "Composition", "{5D416186-44A5-4A0D-BF67-AF841098CF8F}"
EndProject
Project("{FAE04EC0-301F-11D3-BF4B-00C04F79EFBC}") = "DTG_Transfer", "DTG\DTG_Transfer.csproj", "{44D0C986-02FA-4D1E-9D7E-901EF707A02F}"
EndProject
Project("{FAE04EC0-301F-11D3-BF4B-00C04F79EFBC}") = "DatabaseTrace", "DatabaseTrace\DatabaseTrace.csproj", "{0E9E3999-03DE-427C-94ED-D57DE89BF0B4}"
EndProject
Project("{FAE04EC0-301F-11D3-BF4B-00C04F79EFBC}") = "DatabaseSerialization", "DatabaseSerialization\DatabaseSerialization.csproj", "{C6113496-6F48-4B6F-A0EB-AA9449C00B1F}"
EndProject
Project("{FAE04EC0-301F-11D3-BF4B-00C04F79EFBC}") = "SerializationTests", "ReflectionTests\SerializationTests.csproj", "{561A15F1-EC84-4004-A78B-EA6B4358CEFE}"
EndProject
Project("{FAE04EC0-301F-11D3-BF4B-00C04F79EFBC}") = "DbSerializationTests", "DbSerializationTests\DbSerializationTests.csproj", "{ACC3774D-EAB3-4B19-B669-B6244C207E15}"
EndProject
Global
	GlobalSection(SolutionConfigurationPlatforms) = preSolution
		Debug|Any CPU = Debug|Any CPU
		Release|Any CPU = Release|Any CPU
	EndGlobalSection
	GlobalSection(ProjectConfigurationPlatforms) = postSolution
		{CBB5A228-9917-49E3-B1A2-5D28D9E2D0CE}.Debug|Any CPU.ActiveCfg = Debug|Any CPU
		{CBB5A228-9917-49E3-B1A2-5D28D9E2D0CE}.Debug|Any CPU.Build.0 = Debug|Any CPU
		{CBB5A228-9917-49E3-B1A2-5D28D9E2D0CE}.Release|Any CPU.ActiveCfg = Release|Any CPU
		{CBB5A228-9917-49E3-B1A2-5D28D9E2D0CE}.Release|Any CPU.Build.0 = Release|Any CPU
		{63633EAD-B079-497F-A750-F5B0A53FC1CA}.Debug|Any CPU.ActiveCfg = Debug|Any CPU
		{63633EAD-B079-497F-A750-F5B0A53FC1CA}.Debug|Any CPU.Build.0 = Debug|Any CPU
		{63633EAD-B079-497F-A750-F5B0A53FC1CA}.Release|Any CPU.ActiveCfg = Release|Any CPU
		{63633EAD-B079-497F-A750-F5B0A53FC1CA}.Release|Any CPU.Build.0 = Release|Any CPU
		{5526F566-CD96-4634-8226-8B18F69FA928}.Debug|Any CPU.ActiveCfg = Debug|Any CPU
		{5526F566-CD96-4634-8226-8B18F69FA928}.Debug|Any CPU.Build.0 = Debug|Any CPU
		{5526F566-CD96-4634-8226-8B18F69FA928}.Release|Any CPU.ActiveCfg = Release|Any CPU
		{5526F566-CD96-4634-8226-8B18F69FA928}.Release|Any CPU.Build.0 = Release|Any CPU
		{C6BECBE7-D9D6-4F3D-8FCE-5FCA154A78C9}.Debug|Any CPU.ActiveCfg = Debug|Any CPU
		{C6BECBE7-D9D6-4F3D-8FCE-5FCA154A78C9}.Debug|Any CPU.Build.0 = Debug|Any CPU
		{C6BECBE7-D9D6-4F3D-8FCE-5FCA154A78C9}.Release|Any CPU.ActiveCfg = Release|Any CPU
		{C6BECBE7-D9D6-4F3D-8FCE-5FCA154A78C9}.Release|Any CPU.Build.0 = Release|Any CPU
		{CE782637-8DE0-41AD-B2F7-7D9E46CA1FD7}.Debug|Any CPU.ActiveCfg = Debug|Any CPU
		{CE782637-8DE0-41AD-B2F7-7D9E46CA1FD7}.Debug|Any CPU.Build.0 = Debug|Any CPU
		{CE782637-8DE0-41AD-B2F7-7D9E46CA1FD7}.Release|Any CPU.ActiveCfg = Release|Any CPU
		{CE782637-8DE0-41AD-B2F7-7D9E46CA1FD7}.Release|Any CPU.Build.0 = Release|Any CPU
		{567B5754-1C52-4E35-94BA-42FB8309BCEC}.Debug|Any CPU.ActiveCfg = Debug|Any CPU
		{567B5754-1C52-4E35-94BA-42FB8309BCEC}.Debug|Any CPU.Build.0 = Debug|Any CPU
		{567B5754-1C52-4E35-94BA-42FB8309BCEC}.Release|Any CPU.ActiveCfg = Release|Any CPU
		{567B5754-1C52-4E35-94BA-42FB8309BCEC}.Release|Any CPU.Build.0 = Release|Any CPU
		{C6AA6265-8E72-4B91-B392-02DD8A496742}.Debug|Any CPU.ActiveCfg = Debug|Any CPU
		{C6AA6265-8E72-4B91-B392-02DD8A496742}.Debug|Any CPU.Build.0 = Debug|Any CPU
		{C6AA6265-8E72-4B91-B392-02DD8A496742}.Release|Any CPU.ActiveCfg = Release|Any CPU
		{C6AA6265-8E72-4B91-B392-02DD8A496742}.Release|Any CPU.Build.0 = Release|Any CPU
		{44D0C986-02FA-4D1E-9D7E-901EF707A02F}.Debug|Any CPU.ActiveCfg = Debug|Any CPU
		{44D0C986-02FA-4D1E-9D7E-901EF707A02F}.Debug|Any CPU.Build.0 = Debug|Any CPU
		{44D0C986-02FA-4D1E-9D7E-901EF707A02F}.Release|Any CPU.ActiveCfg = Release|Any CPU
		{44D0C986-02FA-4D1E-9D7E-901EF707A02F}.Release|Any CPU.Build.0 = Release|Any CPU
		{0E9E3999-03DE-427C-94ED-D57DE89BF0B4}.Debug|Any CPU.ActiveCfg = Debug|Any CPU
		{0E9E3999-03DE-427C-94ED-D57DE89BF0B4}.Debug|Any CPU.Build.0 = Debug|Any CPU
		{0E9E3999-03DE-427C-94ED-D57DE89BF0B4}.Release|Any CPU.ActiveCfg = Release|Any CPU
		{0E9E3999-03DE-427C-94ED-D57DE89BF0B4}.Release|Any CPU.Build.0 = Release|Any CPU
		{C6113496-6F48-4B6F-A0EB-AA9449C00B1F}.Debug|Any CPU.ActiveCfg = Debug|Any CPU
		{C6113496-6F48-4B6F-A0EB-AA9449C00B1F}.Debug|Any CPU.Build.0 = Debug|Any CPU
		{C6113496-6F48-4B6F-A0EB-AA9449C00B1F}.Release|Any CPU.ActiveCfg = Release|Any CPU
		{C6113496-6F48-4B6F-A0EB-AA9449C00B1F}.Release|Any CPU.Build.0 = Release|Any CPU
		{561A15F1-EC84-4004-A78B-EA6B4358CEFE}.Debug|Any CPU.ActiveCfg = Debug|Any CPU
		{561A15F1-EC84-4004-A78B-EA6B4358CEFE}.Debug|Any CPU.Build.0 = Debug|Any CPU
		{561A15F1-EC84-4004-A78B-EA6B4358CEFE}.Release|Any CPU.ActiveCfg = Release|Any CPU
		{561A15F1-EC84-4004-A78B-EA6B4358CEFE}.Release|Any CPU.Build.0 = Release|Any CPU
		{ACC3774D-EAB3-4B19-B669-B6244C207E15}.Debug|Any CPU.ActiveCfg = Debug|Any CPU
		{ACC3774D-EAB3-4B19-B669-B6244C207E15}.Debug|Any CPU.Build.0 = Debug|Any CPU
		{ACC3774D-EAB3-4B19-B669-B6244C207E15}.Release|Any CPU.ActiveCfg = Release|Any CPU
		{ACC3774D-EAB3-4B19-B669-B6244C207E15}.Release|Any CPU.Build.0 = Release|Any CPU
	EndGlobalSection
	GlobalSection(SolutionProperties) = preSolution
		HideSolutionNode = FALSE
	EndGlobalSection
	GlobalSection(NestedProjects) = preSolution
		{CE782637-8DE0-41AD-B2F7-7D9E46CA1FD7} = {5D416186-44A5-4A0D-BF67-AF841098CF8F}
		{567B5754-1C52-4E35-94BA-42FB8309BCEC} = {5D416186-44A5-4A0D-BF67-AF841098CF8F}
		{0E9E3999-03DE-427C-94ED-D57DE89BF0B4} = {5D416186-44A5-4A0D-BF67-AF841098CF8F}
		{C6113496-6F48-4B6F-A0EB-AA9449C00B1F} = {5D416186-44A5-4A0D-BF67-AF841098CF8F}
	EndGlobalSection
	GlobalSection(ExtensibilityGlobals) = postSolution
		SolutionGuid = {B32D2C0B-13A1-460F-8166-573D496EA79C}
	EndGlobalSection
EndGlobal
